
Microsoft Visual Studio Solution File, Format Version 12.00
# Visual Studio 15
VisualStudioVersion = 15.0.26228.4
MinimumVisualStudioVersion = 10.0.40219.1
Project("{2150E333-8FDC-42A3-9474-1A3956D46DE8}") = "WebSite", "WebSite", "{90A6034A-C0F9-4AAC-A164-ADE1A1F2DBCD}"
EndProject
Project("{2150E333-8FDC-42A3-9474-1A3956D46DE8}") = "api.ayatta.com", "api.ayatta.com", "{0AB8839F-A9EC-44FE-9355-0AE7A8BCD04D}"
EndProject
Project("{2150E333-8FDC-42A3-9474-1A3956D46DE8}") = "admin.ayatta.com", "admin.ayatta.com", "{B8503DFE-BB02-49F6-B6C9-EB918785C879}"
EndProject
Project("{9A19103F-16F7-4668-BE54-9A1E7A4F7556}") = "Ayatta.Web", "WebSite\admin.ayatta.com\Ayatta.Web.csproj", "{43AC21A1-BFBA-4B60-B662-BE1F8D3EA032}"
EndProject
Project("{9A19103F-16F7-4668-BE54-9A1E7A4F7556}") = "Ayatta.Web", "WebSite\api.ayatta.com\Ayatta.Web.csproj", "{0E99782D-941E-4CF9-A966-DF71B2F8912C}"
EndProject
Project("{2150E333-8FDC-42A3-9474-1A3956D46DE8}") = "Module", "Module", "{D9A18575-CF15-46D4-B841-749D661F407A}"
EndProject
Project("{9A19103F-16F7-4668-BE54-9A1E7A4F7556}") = "Ayatta.Sms", "Module\Ayatta.Sms\Ayatta.Sms.csproj", "{0D1E0E01-EC53-49DC-84E9-9980EF5AB71F}"
EndProject
Project("{9A19103F-16F7-4668-BE54-9A1E7A4F7556}") = "Ayatta.Api", "Module\Ayatta.Api\Ayatta.Api.csproj", "{B518483F-4C29-48CC-B946-01914913F046}"
EndProject
Project("{9A19103F-16F7-4668-BE54-9A1E7A4F7556}") = "Ayatta.Domain", "Module\Ayatta.Domain\Ayatta.Domain.csproj", "{7D98F516-FEE8-479D-9363-6A6707A88709}"
EndProject
Project("{9A19103F-16F7-4668-BE54-9A1E7A4F7556}") = "Ayatta", "Module\Ayatta\Ayatta.csproj", "{7C4E292E-24CF-4980-AC38-48172942D170}"
EndProject
Project("{9A19103F-16F7-4668-BE54-9A1E7A4F7556}") = "Ayatta.Cart", "Module\Ayatta.Cart\Ayatta.Cart.csproj", "{ED06ED63-F894-4E8F-9CD7-BE129474F43D}"
EndProject
Project("{9A19103F-16F7-4668-BE54-9A1E7A4F7556}") = "Ayatta.Storage", "Module\Ayatta.Storage\Ayatta.Storage.csproj", "{7A7C62A9-20B0-42F8-96BF-54601F0CE08A}"
EndProject
Project("{9A19103F-16F7-4668-BE54-9A1E7A4F7556}") = "Ayatta.OnlinePay", "Module\Ayatta.OnlinePay\Ayatta.OnlinePay.csproj", "{22FB119D-E227-468C-BDA2-0CC8BC218383}"
EndProject
Project("{9A19103F-16F7-4668-BE54-9A1E7A4F7556}") = "Ayatta.OAuth", "Module\Ayatta.OAuth\Ayatta.OAuth.csproj", "{5EF2EB0E-8DA5-428B-8337-279A0DAECC78}"
EndProject
Project("{2150E333-8FDC-42A3-9474-1A3956D46DE8}") = "shared", "shared", "{D906D20B-7CB3-4064-BC74-5266EB9AACE9}"
EndProject
Project("{D954291E-2A0B-460D-934E-DC6B0785DB48}") = "Ayatta.Web", "WebSite\shared\Ayatta.Web.shproj", "{99F79ACD-0C3D-4AB1-B553-297BDDF735A9}"
EndProject
Project("{2150E333-8FDC-42A3-9474-1A3956D46DE8}") = "www.ayatta.com", "www.ayatta.com", "{7249441C-8C65-4F50-944B-CFBCDD7509DB}"
EndProject
Project("{9A19103F-16F7-4668-BE54-9A1E7A4F7556}") = "Ayatta.Web", "WebSite\www.ayatta.com\Ayatta.Web.csproj", "{7E855590-AED2-4847-927D-142789F12A3C}"
EndProject
Project("{2150E333-8FDC-42A3-9474-1A3956D46DE8}") = "seller.ayatta.com", "seller.ayatta.com", "{FAED0EC1-C29A-41A3-AF2A-D0630CC16F03}"
EndProject
Project("{9A19103F-16F7-4668-BE54-9A1E7A4F7556}") = "Ayatta.Web", "WebSite\seller.ayatta.com\Ayatta.Web.csproj", "{FC7EB795-31DB-4B8A-95D1-2A2DDEE49228}"
EndProject
Project("{2150E333-8FDC-42A3-9474-1A3956D46DE8}") = "i.tiantian.com", "i.tiantian.com", "{0C0D6000-4AD4-42DD-9CA7-8F8661790B29}"
EndProject
Project("{9A19103F-16F7-4668-BE54-9A1E7A4F7556}") = "Ayatta.Web", "WebSite\i.ayatta.com\Ayatta.Web.csproj", "{2BAC8B38-7AE3-45D6-8437-C9AD9FFE9D6A}"
EndProject
Global
	GlobalSection(SharedMSBuildProjectFiles) = preSolution
		WebSite\Shared\Ayatta.Web.projitems*{99f79acd-0c3d-4ab1-b553-297bddf735a9}*SharedItemsImports = 13
	EndGlobalSection
	GlobalSection(SolutionConfigurationPlatforms) = preSolution
		Debug|Any CPU = Debug|Any CPU
		Release|Any CPU = Release|Any CPU
	EndGlobalSection
	GlobalSection(ProjectConfigurationPlatforms) = postSolution
		{43AC21A1-BFBA-4B60-B662-BE1F8D3EA032}.Debug|Any CPU.ActiveCfg = Debug|Any CPU
		{43AC21A1-BFBA-4B60-B662-BE1F8D3EA032}.Debug|Any CPU.Build.0 = Debug|Any CPU
		{43AC21A1-BFBA-4B60-B662-BE1F8D3EA032}.Release|Any CPU.ActiveCfg = Release|Any CPU
		{43AC21A1-BFBA-4B60-B662-BE1F8D3EA032}.Release|Any CPU.Build.0 = Release|Any CPU
		{0E99782D-941E-4CF9-A966-DF71B2F8912C}.Debug|Any CPU.ActiveCfg = Debug|Any CPU
		{0E99782D-941E-4CF9-A966-DF71B2F8912C}.Debug|Any CPU.Build.0 = Debug|Any CPU
		{0E99782D-941E-4CF9-A966-DF71B2F8912C}.Release|Any CPU.ActiveCfg = Release|Any CPU
		{0E99782D-941E-4CF9-A966-DF71B2F8912C}.Release|Any CPU.Build.0 = Release|Any CPU
		{0D1E0E01-EC53-49DC-84E9-9980EF5AB71F}.Debug|Any CPU.ActiveCfg = Debug|Any CPU
		{0D1E0E01-EC53-49DC-84E9-9980EF5AB71F}.Debug|Any CPU.Build.0 = Debug|Any CPU
		{0D1E0E01-EC53-49DC-84E9-9980EF5AB71F}.Release|Any CPU.ActiveCfg = Release|Any CPU
		{0D1E0E01-EC53-49DC-84E9-9980EF5AB71F}.Release|Any CPU.Build.0 = Release|Any CPU
		{B518483F-4C29-48CC-B946-01914913F046}.Debug|Any CPU.ActiveCfg = Debug|Any CPU
		{B518483F-4C29-48CC-B946-01914913F046}.Debug|Any CPU.Build.0 = Debug|Any CPU
		{B518483F-4C29-48CC-B946-01914913F046}.Release|Any CPU.ActiveCfg = Release|Any CPU
		{B518483F-4C29-48CC-B946-01914913F046}.Release|Any CPU.Build.0 = Release|Any CPU
		{7D98F516-FEE8-479D-9363-6A6707A88709}.Debug|Any CPU.ActiveCfg = Debug|Any CPU
		{7D98F516-FEE8-479D-9363-6A6707A88709}.Debug|Any CPU.Build.0 = Debug|Any CPU
		{7D98F516-FEE8-479D-9363-6A6707A88709}.Release|Any CPU.ActiveCfg = Release|Any CPU
		{7D98F516-FEE8-479D-9363-6A6707A88709}.Release|Any CPU.Build.0 = Release|Any CPU
		{7C4E292E-24CF-4980-AC38-48172942D170}.Debug|Any CPU.ActiveCfg = Debug|Any CPU
		{7C4E292E-24CF-4980-AC38-48172942D170}.Debug|Any CPU.Build.0 = Debug|Any CPU
		{7C4E292E-24CF-4980-AC38-48172942D170}.Release|Any CPU.ActiveCfg = Release|Any CPU
		{7C4E292E-24CF-4980-AC38-48172942D170}.Release|Any CPU.Build.0 = Release|Any CPU
		{ED06ED63-F894-4E8F-9CD7-BE129474F43D}.Debug|Any CPU.ActiveCfg = Debug|Any CPU
		{ED06ED63-F894-4E8F-9CD7-BE129474F43D}.Debug|Any CPU.Build.0 = Debug|Any CPU
		{ED06ED63-F894-4E8F-9CD7-BE129474F43D}.Release|Any CPU.ActiveCfg = Release|Any CPU
		{ED06ED63-F894-4E8F-9CD7-BE129474F43D}.Release|Any CPU.Build.0 = Release|Any CPU
		{7A7C62A9-20B0-42F8-96BF-54601F0CE08A}.Debug|Any CPU.ActiveCfg = Debug|Any CPU
		{7A7C62A9-20B0-42F8-96BF-54601F0CE08A}.Debug|Any CPU.Build.0 = Debug|Any CPU
		{7A7C62A9-20B0-42F8-96BF-54601F0CE08A}.Release|Any CPU.ActiveCfg = Release|Any CPU
		{7A7C62A9-20B0-42F8-96BF-54601F0CE08A}.Release|Any CPU.Build.0 = Release|Any CPU
		{22FB119D-E227-468C-BDA2-0CC8BC218383}.Debug|Any CPU.ActiveCfg = Debug|Any CPU
		{22FB119D-E227-468C-BDA2-0CC8BC218383}.Debug|Any CPU.Build.0 = Debug|Any CPU
		{22FB119D-E227-468C-BDA2-0CC8BC218383}.Release|Any CPU.ActiveCfg = Release|Any CPU
		{22FB119D-E227-468C-BDA2-0CC8BC218383}.Release|Any CPU.Build.0 = Release|Any CPU
		{5EF2EB0E-8DA5-428B-8337-279A0DAECC78}.Debug|Any CPU.ActiveCfg = Debug|Any CPU
		{5EF2EB0E-8DA5-428B-8337-279A0DAECC78}.Debug|Any CPU.Build.0 = Debug|Any CPU
		{5EF2EB0E-8DA5-428B-8337-279A0DAECC78}.Release|Any CPU.ActiveCfg = Release|Any CPU
		{5EF2EB0E-8DA5-428B-8337-279A0DAECC78}.Release|Any CPU.Build.0 = Release|Any CPU
		{7E855590-AED2-4847-927D-142789F12A3C}.Debug|Any CPU.ActiveCfg = Debug|Any CPU
		{7E855590-AED2-4847-927D-142789F12A3C}.Debug|Any CPU.Build.0 = Debug|Any CPU
		{7E855590-AED2-4847-927D-142789F12A3C}.Release|Any CPU.ActiveCfg = Release|Any CPU
		{7E855590-AED2-4847-927D-142789F12A3C}.Release|Any CPU.Build.0 = Release|Any CPU
		{FC7EB795-31DB-4B8A-95D1-2A2DDEE49228}.Debug|Any CPU.ActiveCfg = Debug|Any CPU
		{FC7EB795-31DB-4B8A-95D1-2A2DDEE49228}.Debug|Any CPU.Build.0 = Debug|Any CPU
		{FC7EB795-31DB-4B8A-95D1-2A2DDEE49228}.Release|Any CPU.ActiveCfg = Release|Any CPU
		{FC7EB795-31DB-4B8A-95D1-2A2DDEE49228}.Release|Any CPU.Build.0 = Release|Any CPU
		{2BAC8B38-7AE3-45D6-8437-C9AD9FFE9D6A}.Debug|Any CPU.ActiveCfg = Debug|Any CPU
		{2BAC8B38-7AE3-45D6-8437-C9AD9FFE9D6A}.Debug|Any CPU.Build.0 = Debug|Any CPU
		{2BAC8B38-7AE3-45D6-8437-C9AD9FFE9D6A}.Release|Any CPU.ActiveCfg = Release|Any CPU
		{2BAC8B38-7AE3-45D6-8437-C9AD9FFE9D6A}.Release|Any CPU.Build.0 = Release|Any CPU
	EndGlobalSection
	GlobalSection(SolutionProperties) = preSolution
		HideSolutionNode = FALSE
	EndGlobalSection
	GlobalSection(NestedProjects) = preSolution
		{0AB8839F-A9EC-44FE-9355-0AE7A8BCD04D} = {90A6034A-C0F9-4AAC-A164-ADE1A1F2DBCD}
		{B8503DFE-BB02-49F6-B6C9-EB918785C879} = {90A6034A-C0F9-4AAC-A164-ADE1A1F2DBCD}
		{43AC21A1-BFBA-4B60-B662-BE1F8D3EA032} = {B8503DFE-BB02-49F6-B6C9-EB918785C879}
		{0E99782D-941E-4CF9-A966-DF71B2F8912C} = {0AB8839F-A9EC-44FE-9355-0AE7A8BCD04D}
		{0D1E0E01-EC53-49DC-84E9-9980EF5AB71F} = {D9A18575-CF15-46D4-B841-749D661F407A}
		{B518483F-4C29-48CC-B946-01914913F046} = {D9A18575-CF15-46D4-B841-749D661F407A}
		{7D98F516-FEE8-479D-9363-6A6707A88709} = {D9A18575-CF15-46D4-B841-749D661F407A}
		{7C4E292E-24CF-4980-AC38-48172942D170} = {D9A18575-CF15-46D4-B841-749D661F407A}
		{ED06ED63-F894-4E8F-9CD7-BE129474F43D} = {D9A18575-CF15-46D4-B841-749D661F407A}
		{7A7C62A9-20B0-42F8-96BF-54601F0CE08A} = {D9A18575-CF15-46D4-B841-749D661F407A}
		{22FB119D-E227-468C-BDA2-0CC8BC218383} = {D9A18575-CF15-46D4-B841-749D661F407A}
		{5EF2EB0E-8DA5-428B-8337-279A0DAECC78} = {D9A18575-CF15-46D4-B841-749D661F407A}
		{D906D20B-7CB3-4064-BC74-5266EB9AACE9} = {90A6034A-C0F9-4AAC-A164-ADE1A1F2DBCD}
		{99F79ACD-0C3D-4AB1-B553-297BDDF735A9} = {D906D20B-7CB3-4064-BC74-5266EB9AACE9}
		{7249441C-8C65-4F50-944B-CFBCDD7509DB} = {90A6034A-C0F9-4AAC-A164-ADE1A1F2DBCD}
		{7E855590-AED2-4847-927D-142789F12A3C} = {7249441C-8C65-4F50-944B-CFBCDD7509DB}
		{FAED0EC1-C29A-41A3-AF2A-D0630CC16F03} = {90A6034A-C0F9-4AAC-A164-ADE1A1F2DBCD}
		{FC7EB795-31DB-4B8A-95D1-2A2DDEE49228} = {FAED0EC1-C29A-41A3-AF2A-D0630CC16F03}
		{0C0D6000-4AD4-42DD-9CA7-8F8661790B29} = {90A6034A-C0F9-4AAC-A164-ADE1A1F2DBCD}
		{2BAC8B38-7AE3-45D6-8437-C9AD9FFE9D6A} = {0C0D6000-4AD4-42DD-9CA7-8F8661790B29}
	EndGlobalSection
EndGlobal
